// !$*UTF8*$!
{
	archiveVersion = 1;
	classes = {
	};
	objectVersion = 50;
	objects = {

/* Begin PBXBuildFile section */
		1F01C37726FB4A6C00347660 /* Data_Extensions.swift in Sources */ = {isa = PBXBuildFile; fileRef = 1F01C37626FB4A6C00347660 /* Data_Extensions.swift */; };
		1F01C38126FB4AA700347660 /* AbsoluteValueProtocol.swift in Sources */ = {isa = PBXBuildFile; fileRef = 1F01C38026FB4AA700347660 /* AbsoluteValueProtocol.swift */; };
		1F01C38526FB4D4900347660 /* Dictionary_Extensions.swift in Sources */ = {isa = PBXBuildFile; fileRef = 1F01C38426FB4D4900347660 /* Dictionary_Extensions.swift */; };
		1F01C38B26FB570300347660 /* Random.swift in Sources */ = {isa = PBXBuildFile; fileRef = 1F01C38A26FB570300347660 /* Random.swift */; };
		1F05465026ECD62000E64F3C /* CallbackQueue.swift in Sources */ = {isa = PBXBuildFile; fileRef = 1F05464F26ECD62000E64F3C /* CallbackQueue.swift */; };
		1F05465526ECE6E500E64F3C /* Storage.swift in Sources */ = {isa = PBXBuildFile; fileRef = 1F05465426ECE6E500E64F3C /* Storage.swift */; };
		1F05465B26ECE7A000E64F3C /* MemoryStorage.swift in Sources */ = {isa = PBXBuildFile; fileRef = 1F05465A26ECE7A000E64F3C /* MemoryStorage.swift */; };
		1F05465F26ECE9B200E64F3C /* Runtime.swift in Sources */ = {isa = PBXBuildFile; fileRef = 1F05465E26ECE9B200E64F3C /* Runtime.swift */; };
		1F05466326ECEA5B00E64F3C /* Box.swift in Sources */ = {isa = PBXBuildFile; fileRef = 1F05466226ECEA5B00E64F3C /* Box.swift */; };
		1F05466726ECEA7700E64F3C /* Result.swift in Sources */ = {isa = PBXBuildFile; fileRef = 1F05466626ECEA7700E64F3C /* Result.swift */; };
		1F05466B26ECEB1A00E64F3C /* Delegate.swift in Sources */ = {isa = PBXBuildFile; fileRef = 1F05466A26ECEB1A00E64F3C /* Delegate.swift */; };
		1F05466F26ECEBA200E64F3C /* DiskStorage.swift in Sources */ = {isa = PBXBuildFile; fileRef = 1F05466E26ECEBA200E64F3C /* DiskStorage.swift */; };
		1F05467326ECEE6300E64F3C /* String_MD5.swift in Sources */ = {isa = PBXBuildFile; fileRef = 1F05467226ECEE6300E64F3C /* String_MD5.swift */; };
		1F05467726ECF2ED00E64F3C /* String_MD5_Tests.swift in Sources */ = {isa = PBXBuildFile; fileRef = 1F05467626ECF2ED00E64F3C /* String_MD5_Tests.swift */; };
		1F05467B26ECF3A400E64F3C /* StorageExpirationTests.swift in Sources */ = {isa = PBXBuildFile; fileRef = 1F05467A26ECF3A400E64F3C /* StorageExpirationTests.swift */; };
		1F05467F26ECF51700E64F3C /* RetryStrategy.swift in Sources */ = {isa = PBXBuildFile; fileRef = 1F05467E26ECF51700E64F3C /* RetryStrategy.swift */; };
		1F05468326ECF70F00E64F3C /* MemoryStorageTests.swift in Sources */ = {isa = PBXBuildFile; fileRef = 1F05468226ECF70F00E64F3C /* MemoryStorageTests.swift */; };
		1F05469126ECF7E800E64F3C /* DiskStorageTests.swift in Sources */ = {isa = PBXBuildFile; fileRef = 1F05469026ECF7E800E64F3C /* DiskStorageTests.swift */; };
		1F49EFF626EE080F0028C06F /* RuntimeTests.swift in Sources */ = {isa = PBXBuildFile; fileRef = 1F49EFF526EE080F0028C06F /* RuntimeTests.swift */; };
		1F49EFFE26EE22B40028C06F /* TestHelpers.swift in Sources */ = {isa = PBXBuildFile; fileRef = 1F49EFFD26EE22B40028C06F /* TestHelpers.swift */; };
		1F61840F26F5789500259E31 /* ThreadSafeCollection.swift in Sources */ = {isa = PBXBuildFile; fileRef = 1F61840E26F5789500259E31 /* ThreadSafeCollection.swift */; };
		1F61841526F58AFF00259E31 /* ThreadSafeCollectionTests.swift in Sources */ = {isa = PBXBuildFile; fileRef = 1F61841426F58AFF00259E31 /* ThreadSafeCollectionTests.swift */; };
		1F63103326EAF2C500BCF22B /* Async.swift in Sources */ = {isa = PBXBuildFile; fileRef = 1F63103226EAF2C500BCF22B /* Async.swift */; };
		1F63103726EAF85900BCF22B /* FIFOThread.swift in Sources */ = {isa = PBXBuildFile; fileRef = 1F63103626EAF85900BCF22B /* FIFOThread.swift */; };
		1F63103B26EAF98C00BCF22B /* FIFOThreadTests.swift in Sources */ = {isa = PBXBuildFile; fileRef = 1F63103A26EAF98C00BCF22B /* FIFOThreadTests.swift */; };
		1F63104126EAFED500BCF22B /* AsyncTests.swift in Sources */ = {isa = PBXBuildFile; fileRef = 1F63104026EAFED500BCF22B /* AsyncTests.swift */; };
		1F63104526EAFF2D00BCF22B /* AsyncGroupTests.swift in Sources */ = {isa = PBXBuildFile; fileRef = 1F63104426EAFF2D00BCF22B /* AsyncGroupTests.swift */; };
		1F63105E26EB0AD500BCF22B /* AtomicVar.swift in Sources */ = {isa = PBXBuildFile; fileRef = 1F63105D26EB0AD500BCF22B /* AtomicVar.swift */; };
		1F63106426EB0F7000BCF22B /* AtomicVarTests.swift in Sources */ = {isa = PBXBuildFile; fileRef = 1F63106326EB0F7000BCF22B /* AtomicVarTests.swift */; };
		1F63106826EB1B3100BCF22B /* AsyncOperation.swift in Sources */ = {isa = PBXBuildFile; fileRef = 1F63106726EB1B3100BCF22B /* AsyncOperation.swift */; };
		1F63106C26EB1B4200BCF22B /* AsyncTaskQueue.swift in Sources */ = {isa = PBXBuildFile; fileRef = 1F63106B26EB1B4200BCF22B /* AsyncTaskQueue.swift */; };
		1F63107226EB1C9D00BCF22B /* DispathQueuePool.swift in Sources */ = {isa = PBXBuildFile; fileRef = 1F63107126EB1C9D00BCF22B /* DispathQueuePool.swift */; };
		1F63107A26EB1E5900BCF22B /* AsyncTaskQueueTests.swift in Sources */ = {isa = PBXBuildFile; fileRef = 1F63107926EB1E5900BCF22B /* AsyncTaskQueueTests.swift */; };
		1F659F9F26DF2D8000ABA47A /* FoundationExt.framework in Frameworks */ = {isa = PBXBuildFile; fileRef = 1F659F9526DF2D7F00ABA47A /* FoundationExt.framework */; };
		1F659FA426DF2D8000ABA47A /* FoundationExtTests.swift in Sources */ = {isa = PBXBuildFile; fileRef = 1F659FA326DF2D8000ABA47A /* FoundationExtTests.swift */; };
		1F659FA626DF2D8000ABA47A /* FoundationExt.h in Headers */ = {isa = PBXBuildFile; fileRef = 1F659F9826DF2D7F00ABA47A /* FoundationExt.h */; settings = {ATTRIBUTES = (Public, ); }; };
		1F659FB726DF300C00ABA47A /* BundleExtensions.swift in Sources */ = {isa = PBXBuildFile; fileRef = 1F659FB626DF300C00ABA47A /* BundleExtensions.swift */; };
		1F659FBB26DF30F400ABA47A /* NSCharacterSetExtensions.swift in Sources */ = {isa = PBXBuildFile; fileRef = 1F659FBA26DF30F400ABA47A /* NSCharacterSetExtensions.swift */; };
		1F87476726EF2E66008B3FC3 /* DispatchQueuePoolTests.swift in Sources */ = {isa = PBXBuildFile; fileRef = 1F87476626EF2E66008B3FC3 /* DispatchQueuePoolTests.swift */; };
		1F87477826EF495B008B3FC3 /* AtomicInteger.swift in Sources */ = {isa = PBXBuildFile; fileRef = 1F87477726EF495B008B3FC3 /* AtomicInteger.swift */; };
		1FD920F626F4A99B00C61804 /* SimpleMemoryCache.swift in Sources */ = {isa = PBXBuildFile; fileRef = 1FD920F526F4A99B00C61804 /* SimpleMemoryCache.swift */; };
		1FD920FC26F4B1F000C61804 /* SimpleMemoryCacheTests.swift in Sources */ = {isa = PBXBuildFile; fileRef = 1FD920FB26F4B1F000C61804 /* SimpleMemoryCacheTests.swift */; };
		1FE8733A26F0CBA600F0D4A8 /* Time.swift in Sources */ = {isa = PBXBuildFile; fileRef = 1FE8733926F0CBA600F0D4A8 /* Time.swift */; };
		1FF72AE526F36F31007E8BC6 /* Delegated.swift in Sources */ = {isa = PBXBuildFile; fileRef = 1FF72AE426F36F31007E8BC6 /* Delegated.swift */; };
		1FF72AE926F37087007E8BC6 /* DelegatedTests.swift in Sources */ = {isa = PBXBuildFile; fileRef = 1FF72AE826F37087007E8BC6 /* DelegatedTests.swift */; };
		1FFF595626FF5215006B3F3B /* NSMutableAttributedString+Extensions.swift in Sources */ = {isa = PBXBuildFile; fileRef = 1FFF595526FF5215006B3F3B /* NSMutableAttributedString+Extensions.swift */; };
		1FFF596A26FF555C006B3F3B /* Ligatures.swift in Sources */ = {isa = PBXBuildFile; fileRef = 1FFF595F26FF555C006B3F3B /* Ligatures.swift */; };
		1FFF596B26FF555C006B3F3B /* NSString+SwiftyAttributes.swift in Sources */ = {isa = PBXBuildFile; fileRef = 1FFF596026FF555C006B3F3B /* NSString+SwiftyAttributes.swift */; };
		1FFF596C26FF555C006B3F3B /* NSMutableAttributedString+SwiftyAttributes.swift in Sources */ = {isa = PBXBuildFile; fileRef = 1FFF596126FF555C006B3F3B /* NSMutableAttributedString+SwiftyAttributes.swift */; };
		1FFF596D26FF555C006B3F3B /* NSAttributedString+SwiftyAttributes.swift in Sources */ = {isa = PBXBuildFile; fileRef = 1FFF596226FF555C006B3F3B /* NSAttributedString+SwiftyAttributes.swift */; };
		1FFF596E26FF555C006B3F3B /* String+SwiftyAttributes.swift in Sources */ = {isa = PBXBuildFile; fileRef = 1FFF596326FF555C006B3F3B /* String+SwiftyAttributes.swift */; };
		1FFF596F26FF555C006B3F3B /* VerticalGlyphForm.swift in Sources */ = {isa = PBXBuildFile; fileRef = 1FFF596426FF555C006B3F3B /* VerticalGlyphForm.swift */; };
		1FFF597026FF555C006B3F3B /* WritingDirection.swift in Sources */ = {isa = PBXBuildFile; fileRef = 1FFF596526FF555C006B3F3B /* WritingDirection.swift */; };
		1FFF597126FF555C006B3F3B /* Attribute.swift in Sources */ = {isa = PBXBuildFile; fileRef = 1FFF596626FF555C006B3F3B /* Attribute.swift */; };
		1FFF597226FF555C006B3F3B /* Operators.swift in Sources */ = {isa = PBXBuildFile; fileRef = 1FFF596726FF555C006B3F3B /* Operators.swift */; };
		1FFF597326FF555C006B3F3B /* Attribute+Sequence.swift in Sources */ = {isa = PBXBuildFile; fileRef = 1FFF596826FF555C006B3F3B /* Attribute+Sequence.swift */; };
		1FFF597426FF555C006B3F3B /* TextEffect.swift in Sources */ = {isa = PBXBuildFile; fileRef = 1FFF596926FF555C006B3F3B /* TextEffect.swift */; };
		1FFF598226FF5616006B3F3B /* Attribute+Sequence_Tests.swift in Sources */ = {isa = PBXBuildFile; fileRef = 1FFF597826FF5615006B3F3B /* Attribute+Sequence_Tests.swift */; };
		1FFF598326FF5616006B3F3B /* NSString_Tests.swift in Sources */ = {isa = PBXBuildFile; fileRef = 1FFF597926FF5615006B3F3B /* NSString_Tests.swift */; };
		1FFF598426FF5616006B3F3B /* SwiftyAttributes_Tests.swift in Sources */ = {isa = PBXBuildFile; fileRef = 1FFF597A26FF5615006B3F3B /* SwiftyAttributes_Tests.swift */; };
		1FFF598526FF5616006B3F3B /* NSAttributedString_Tests.swift in Sources */ = {isa = PBXBuildFile; fileRef = 1FFF597B26FF5616006B3F3B /* NSAttributedString_Tests.swift */; };
		1FFF598626FF5616006B3F3B /* TextEffect_Tests.swift in Sources */ = {isa = PBXBuildFile; fileRef = 1FFF597C26FF5616006B3F3B /* TextEffect_Tests.swift */; };
		1FFF598726FF5616006B3F3B /* SpellingState_Tests.swift in Sources */ = {isa = PBXBuildFile; fileRef = 1FFF597D26FF5616006B3F3B /* SpellingState_Tests.swift */; };
		1FFF598826FF5616006B3F3B /* WritingDirection_Tests.swift in Sources */ = {isa = PBXBuildFile; fileRef = 1FFF597E26FF5616006B3F3B /* WritingDirection_Tests.swift */; };
		1FFF598926FF5616006B3F3B /* VerticalGlyphForm_Tests.swift in Sources */ = {isa = PBXBuildFile; fileRef = 1FFF597F26FF5616006B3F3B /* VerticalGlyphForm_Tests.swift */; };
		1FFF598A26FF5616006B3F3B /* Operators_Tests.swift in Sources */ = {isa = PBXBuildFile; fileRef = 1FFF598026FF5616006B3F3B /* Operators_Tests.swift */; };
		1FFF598B26FF5616006B3F3B /* NSMutableAttributedString_Tests.swift in Sources */ = {isa = PBXBuildFile; fileRef = 1FFF598126FF5616006B3F3B /* NSMutableAttributedString_Tests.swift */; };
		1FFF59C426FF6277006B3F3B /* Array+Extensions.swift in Sources */ = {isa = PBXBuildFile; fileRef = 1FFF59C326FF6277006B3F3B /* Array+Extensions.swift */; };
		1FFF59C926FF631F006B3F3B /* BitSet.swift in Sources */ = {isa = PBXBuildFile; fileRef = 1FFF59C826FF631F006B3F3B /* BitSet.swift */; };
		1FFF59CD26FF635B006B3F3B /* Deque.swift in Sources */ = {isa = PBXBuildFile; fileRef = 1FFF59CC26FF635B006B3F3B /* Deque.swift */; };
		1FFF59D126FF6383006B3F3B /* LinkedList.swift in Sources */ = {isa = PBXBuildFile; fileRef = 1FFF59D026FF6383006B3F3B /* LinkedList.swift */; };
		1FFF59D526FF63B2006B3F3B /* Queue.swift in Sources */ = {isa = PBXBuildFile; fileRef = 1FFF59D426FF63B2006B3F3B /* Queue.swift */; };
		1FFF59D926FF63C7006B3F3B /* Stack.swift in Sources */ = {isa = PBXBuildFile; fileRef = 1FFF59D826FF63C7006B3F3B /* Stack.swift */; };
		1FFF59DD26FF63E1006B3F3B /* Tree.swift in Sources */ = {isa = PBXBuildFile; fileRef = 1FFF59DC26FF63E1006B3F3B /* Tree.swift */; };
/* End PBXBuildFile section */

/* Begin PBXContainerItemProxy section */
		1F659FA026DF2D8000ABA47A /* PBXContainerItemProxy */ = {
			isa = PBXContainerItemProxy;
			containerPortal = 1F659F8C26DF2D7F00ABA47A /* Project object */;
			proxyType = 1;
			remoteGlobalIDString = 1F659F9426DF2D7F00ABA47A;
			remoteInfo = FoundationExt;
		};
/* End PBXContainerItemProxy section */

/* Begin PBXFileReference section */
		1F01C37626FB4A6C00347660 /* Data_Extensions.swift */ = {isa = PBXFileReference; lastKnownFileType = sourcecode.swift; path = Data_Extensions.swift; sourceTree = "<group>"; };
		1F01C38026FB4AA700347660 /* AbsoluteValueProtocol.swift */ = {isa = PBXFileReference; lastKnownFileType = sourcecode.swift; path = AbsoluteValueProtocol.swift; sourceTree = "<group>"; };
		1F01C38426FB4D4900347660 /* Dictionary_Extensions.swift */ = {isa = PBXFileReference; lastKnownFileType = sourcecode.swift; path = Dictionary_Extensions.swift; sourceTree = "<group>"; };
		1F01C38A26FB570300347660 /* Random.swift */ = {isa = PBXFileReference; lastKnownFileType = sourcecode.swift; path = Random.swift; sourceTree = "<group>"; };
		1F05464F26ECD62000E64F3C /* CallbackQueue.swift */ = {isa = PBXFileReference; lastKnownFileType = sourcecode.swift; path = CallbackQueue.swift; sourceTree = "<group>"; };
		1F05465426ECE6E500E64F3C /* Storage.swift */ = {isa = PBXFileReference; lastKnownFileType = sourcecode.swift; path = Storage.swift; sourceTree = "<group>"; };
		1F05465A26ECE7A000E64F3C /* MemoryStorage.swift */ = {isa = PBXFileReference; lastKnownFileType = sourcecode.swift; path = MemoryStorage.swift; sourceTree = "<group>"; };
		1F05465E26ECE9B200E64F3C /* Runtime.swift */ = {isa = PBXFileReference; lastKnownFileType = sourcecode.swift; path = Runtime.swift; sourceTree = "<group>"; };
		1F05466226ECEA5B00E64F3C /* Box.swift */ = {isa = PBXFileReference; lastKnownFileType = sourcecode.swift; path = Box.swift; sourceTree = "<group>"; };
		1F05466626ECEA7700E64F3C /* Result.swift */ = {isa = PBXFileReference; lastKnownFileType = sourcecode.swift; path = Result.swift; sourceTree = "<group>"; };
		1F05466A26ECEB1A00E64F3C /* Delegate.swift */ = {isa = PBXFileReference; lastKnownFileType = sourcecode.swift; path = Delegate.swift; sourceTree = "<group>"; };
		1F05466E26ECEBA200E64F3C /* DiskStorage.swift */ = {isa = PBXFileReference; lastKnownFileType = sourcecode.swift; path = DiskStorage.swift; sourceTree = "<group>"; };
		1F05467226ECEE6300E64F3C /* String_MD5.swift */ = {isa = PBXFileReference; lastKnownFileType = sourcecode.swift; path = String_MD5.swift; sourceTree = "<group>"; };
		1F05467626ECF2ED00E64F3C /* String_MD5_Tests.swift */ = {isa = PBXFileReference; lastKnownFileType = sourcecode.swift; path = String_MD5_Tests.swift; sourceTree = "<group>"; };
		1F05467A26ECF3A400E64F3C /* StorageExpirationTests.swift */ = {isa = PBXFileReference; lastKnownFileType = sourcecode.swift; path = StorageExpirationTests.swift; sourceTree = "<group>"; };
		1F05467E26ECF51700E64F3C /* RetryStrategy.swift */ = {isa = PBXFileReference; lastKnownFileType = sourcecode.swift; path = RetryStrategy.swift; sourceTree = "<group>"; };
		1F05468226ECF70F00E64F3C /* MemoryStorageTests.swift */ = {isa = PBXFileReference; lastKnownFileType = sourcecode.swift; path = MemoryStorageTests.swift; sourceTree = "<group>"; };
		1F05469026ECF7E800E64F3C /* DiskStorageTests.swift */ = {isa = PBXFileReference; lastKnownFileType = sourcecode.swift; path = DiskStorageTests.swift; sourceTree = "<group>"; };
		1F49EFF526EE080F0028C06F /* RuntimeTests.swift */ = {isa = PBXFileReference; lastKnownFileType = sourcecode.swift; path = RuntimeTests.swift; sourceTree = "<group>"; };
		1F49EFFD26EE22B40028C06F /* TestHelpers.swift */ = {isa = PBXFileReference; lastKnownFileType = sourcecode.swift; path = TestHelpers.swift; sourceTree = "<group>"; };
		1F61840E26F5789500259E31 /* ThreadSafeCollection.swift */ = {isa = PBXFileReference; lastKnownFileType = sourcecode.swift; path = ThreadSafeCollection.swift; sourceTree = "<group>"; };
		1F61841426F58AFF00259E31 /* ThreadSafeCollectionTests.swift */ = {isa = PBXFileReference; lastKnownFileType = sourcecode.swift; path = ThreadSafeCollectionTests.swift; sourceTree = "<group>"; };
		1F63103226EAF2C500BCF22B /* Async.swift */ = {isa = PBXFileReference; lastKnownFileType = sourcecode.swift; path = Async.swift; sourceTree = "<group>"; };
		1F63103626EAF85900BCF22B /* FIFOThread.swift */ = {isa = PBXFileReference; lastKnownFileType = sourcecode.swift; path = FIFOThread.swift; sourceTree = "<group>"; };
		1F63103A26EAF98C00BCF22B /* FIFOThreadTests.swift */ = {isa = PBXFileReference; lastKnownFileType = sourcecode.swift; path = FIFOThreadTests.swift; sourceTree = "<group>"; };
		1F63104026EAFED500BCF22B /* AsyncTests.swift */ = {isa = PBXFileReference; lastKnownFileType = sourcecode.swift; path = AsyncTests.swift; sourceTree = "<group>"; };
		1F63104426EAFF2D00BCF22B /* AsyncGroupTests.swift */ = {isa = PBXFileReference; lastKnownFileType = sourcecode.swift; path = AsyncGroupTests.swift; sourceTree = "<group>"; };
		1F63105D26EB0AD500BCF22B /* AtomicVar.swift */ = {isa = PBXFileReference; lastKnownFileType = sourcecode.swift; path = AtomicVar.swift; sourceTree = "<group>"; };
		1F63106326EB0F7000BCF22B /* AtomicVarTests.swift */ = {isa = PBXFileReference; lastKnownFileType = sourcecode.swift; path = AtomicVarTests.swift; sourceTree = "<group>"; };
		1F63106726EB1B3100BCF22B /* AsyncOperation.swift */ = {isa = PBXFileReference; lastKnownFileType = sourcecode.swift; path = AsyncOperation.swift; sourceTree = "<group>"; };
		1F63106B26EB1B4200BCF22B /* AsyncTaskQueue.swift */ = {isa = PBXFileReference; lastKnownFileType = sourcecode.swift; path = AsyncTaskQueue.swift; sourceTree = "<group>"; };
		1F63107126EB1C9D00BCF22B /* DispathQueuePool.swift */ = {isa = PBXFileReference; lastKnownFileType = sourcecode.swift; path = DispathQueuePool.swift; sourceTree = "<group>"; };
		1F63107926EB1E5900BCF22B /* AsyncTaskQueueTests.swift */ = {isa = PBXFileReference; lastKnownFileType = sourcecode.swift; path = AsyncTaskQueueTests.swift; sourceTree = "<group>"; };
		1F659F9526DF2D7F00ABA47A /* FoundationExt.framework */ = {isa = PBXFileReference; explicitFileType = wrapper.framework; includeInIndex = 0; path = FoundationExt.framework; sourceTree = BUILT_PRODUCTS_DIR; };
		1F659F9826DF2D7F00ABA47A /* FoundationExt.h */ = {isa = PBXFileReference; lastKnownFileType = sourcecode.c.h; path = FoundationExt.h; sourceTree = "<group>"; };
		1F659F9926DF2D7F00ABA47A /* Info.plist */ = {isa = PBXFileReference; lastKnownFileType = text.plist.xml; path = Info.plist; sourceTree = "<group>"; };
		1F659F9E26DF2D8000ABA47A /* FoundationExtTests.xctest */ = {isa = PBXFileReference; explicitFileType = wrapper.cfbundle; includeInIndex = 0; path = FoundationExtTests.xctest; sourceTree = BUILT_PRODUCTS_DIR; };
		1F659FA326DF2D8000ABA47A /* FoundationExtTests.swift */ = {isa = PBXFileReference; lastKnownFileType = sourcecode.swift; path = FoundationExtTests.swift; sourceTree = "<group>"; };
		1F659FA526DF2D8000ABA47A /* Info.plist */ = {isa = PBXFileReference; lastKnownFileType = text.plist.xml; path = Info.plist; sourceTree = "<group>"; };
		1F659FB626DF300C00ABA47A /* BundleExtensions.swift */ = {isa = PBXFileReference; lastKnownFileType = sourcecode.swift; path = BundleExtensions.swift; sourceTree = "<group>"; };
		1F659FBA26DF30F400ABA47A /* NSCharacterSetExtensions.swift */ = {isa = PBXFileReference; lastKnownFileType = sourcecode.swift; path = NSCharacterSetExtensions.swift; sourceTree = "<group>"; };
		1F87476626EF2E66008B3FC3 /* DispatchQueuePoolTests.swift */ = {isa = PBXFileReference; lastKnownFileType = sourcecode.swift; path = DispatchQueuePoolTests.swift; sourceTree = "<group>"; };
		1F87477726EF495B008B3FC3 /* AtomicInteger.swift */ = {isa = PBXFileReference; lastKnownFileType = sourcecode.swift; path = AtomicInteger.swift; sourceTree = "<group>"; };
		1FD920F526F4A99B00C61804 /* SimpleMemoryCache.swift */ = {isa = PBXFileReference; lastKnownFileType = sourcecode.swift; path = SimpleMemoryCache.swift; sourceTree = "<group>"; };
		1FD920FB26F4B1F000C61804 /* SimpleMemoryCacheTests.swift */ = {isa = PBXFileReference; lastKnownFileType = sourcecode.swift; path = SimpleMemoryCacheTests.swift; sourceTree = "<group>"; };
		1FE8733926F0CBA600F0D4A8 /* Time.swift */ = {isa = PBXFileReference; lastKnownFileType = sourcecode.swift; path = Time.swift; sourceTree = "<group>"; };
		1FF72AE426F36F31007E8BC6 /* Delegated.swift */ = {isa = PBXFileReference; lastKnownFileType = sourcecode.swift; path = Delegated.swift; sourceTree = "<group>"; };
		1FF72AE826F37087007E8BC6 /* DelegatedTests.swift */ = {isa = PBXFileReference; lastKnownFileType = sourcecode.swift; path = DelegatedTests.swift; sourceTree = "<group>"; };
		1FFF595526FF5215006B3F3B /* NSMutableAttributedString+Extensions.swift */ = {isa = PBXFileReference; lastKnownFileType = sourcecode.swift; path = "NSMutableAttributedString+Extensions.swift"; sourceTree = "<group>"; };
		1FFF595F26FF555C006B3F3B /* Ligatures.swift */ = {isa = PBXFileReference; fileEncoding = 4; lastKnownFileType = sourcecode.swift; path = Ligatures.swift; sourceTree = "<group>"; };
		1FFF596026FF555C006B3F3B /* NSString+SwiftyAttributes.swift */ = {isa = PBXFileReference; fileEncoding = 4; lastKnownFileType = sourcecode.swift; path = "NSString+SwiftyAttributes.swift"; sourceTree = "<group>"; };
		1FFF596126FF555C006B3F3B /* NSMutableAttributedString+SwiftyAttributes.swift */ = {isa = PBXFileReference; fileEncoding = 4; lastKnownFileType = sourcecode.swift; path = "NSMutableAttributedString+SwiftyAttributes.swift"; sourceTree = "<group>"; };
		1FFF596226FF555C006B3F3B /* NSAttributedString+SwiftyAttributes.swift */ = {isa = PBXFileReference; fileEncoding = 4; lastKnownFileType = sourcecode.swift; path = "NSAttributedString+SwiftyAttributes.swift"; sourceTree = "<group>"; };
		1FFF596326FF555C006B3F3B /* String+SwiftyAttributes.swift */ = {isa = PBXFileReference; fileEncoding = 4; lastKnownFileType = sourcecode.swift; path = "String+SwiftyAttributes.swift"; sourceTree = "<group>"; };
		1FFF596426FF555C006B3F3B /* VerticalGlyphForm.swift */ = {isa = PBXFileReference; fileEncoding = 4; lastKnownFileType = sourcecode.swift; path = VerticalGlyphForm.swift; sourceTree = "<group>"; };
		1FFF596526FF555C006B3F3B /* WritingDirection.swift */ = {isa = PBXFileReference; fileEncoding = 4; lastKnownFileType = sourcecode.swift; path = WritingDirection.swift; sourceTree = "<group>"; };
		1FFF596626FF555C006B3F3B /* Attribute.swift */ = {isa = PBXFileReference; fileEncoding = 4; lastKnownFileType = sourcecode.swift; path = Attribute.swift; sourceTree = "<group>"; };
		1FFF596726FF555C006B3F3B /* Operators.swift */ = {isa = PBXFileReference; fileEncoding = 4; lastKnownFileType = sourcecode.swift; path = Operators.swift; sourceTree = "<group>"; };
		1FFF596826FF555C006B3F3B /* Attribute+Sequence.swift */ = {isa = PBXFileReference; fileEncoding = 4; lastKnownFileType = sourcecode.swift; path = "Attribute+Sequence.swift"; sourceTree = "<group>"; };
		1FFF596926FF555C006B3F3B /* TextEffect.swift */ = {isa = PBXFileReference; fileEncoding = 4; lastKnownFileType = sourcecode.swift; path = TextEffect.swift; sourceTree = "<group>"; };
		1FFF597826FF5615006B3F3B /* Attribute+Sequence_Tests.swift */ = {isa = PBXFileReference; fileEncoding = 4; lastKnownFileType = sourcecode.swift; path = "Attribute+Sequence_Tests.swift"; sourceTree = "<group>"; };
		1FFF597926FF5615006B3F3B /* NSString_Tests.swift */ = {isa = PBXFileReference; fileEncoding = 4; lastKnownFileType = sourcecode.swift; path = NSString_Tests.swift; sourceTree = "<group>"; };
		1FFF597A26FF5615006B3F3B /* SwiftyAttributes_Tests.swift */ = {isa = PBXFileReference; fileEncoding = 4; lastKnownFileType = sourcecode.swift; path = SwiftyAttributes_Tests.swift; sourceTree = "<group>"; };
		1FFF597B26FF5616006B3F3B /* NSAttributedString_Tests.swift */ = {isa = PBXFileReference; fileEncoding = 4; lastKnownFileType = sourcecode.swift; path = NSAttributedString_Tests.swift; sourceTree = "<group>"; };
		1FFF597C26FF5616006B3F3B /* TextEffect_Tests.swift */ = {isa = PBXFileReference; fileEncoding = 4; lastKnownFileType = sourcecode.swift; path = TextEffect_Tests.swift; sourceTree = "<group>"; };
		1FFF597D26FF5616006B3F3B /* SpellingState_Tests.swift */ = {isa = PBXFileReference; fileEncoding = 4; lastKnownFileType = sourcecode.swift; path = SpellingState_Tests.swift; sourceTree = "<group>"; };
		1FFF597E26FF5616006B3F3B /* WritingDirection_Tests.swift */ = {isa = PBXFileReference; fileEncoding = 4; lastKnownFileType = sourcecode.swift; path = WritingDirection_Tests.swift; sourceTree = "<group>"; };
		1FFF597F26FF5616006B3F3B /* VerticalGlyphForm_Tests.swift */ = {isa = PBXFileReference; fileEncoding = 4; lastKnownFileType = sourcecode.swift; path = VerticalGlyphForm_Tests.swift; sourceTree = "<group>"; };
		1FFF598026FF5616006B3F3B /* Operators_Tests.swift */ = {isa = PBXFileReference; fileEncoding = 4; lastKnownFileType = sourcecode.swift; path = Operators_Tests.swift; sourceTree = "<group>"; };
		1FFF598126FF5616006B3F3B /* NSMutableAttributedString_Tests.swift */ = {isa = PBXFileReference; fileEncoding = 4; lastKnownFileType = sourcecode.swift; path = NSMutableAttributedString_Tests.swift; sourceTree = "<group>"; };
		1FFF59C326FF6277006B3F3B /* Array+Extensions.swift */ = {isa = PBXFileReference; lastKnownFileType = sourcecode.swift; path = "Array+Extensions.swift"; sourceTree = "<group>"; };
		1FFF59C826FF631F006B3F3B /* BitSet.swift */ = {isa = PBXFileReference; lastKnownFileType = sourcecode.swift; path = BitSet.swift; sourceTree = "<group>"; };
		1FFF59CC26FF635B006B3F3B /* Deque.swift */ = {isa = PBXFileReference; lastKnownFileType = sourcecode.swift; path = Deque.swift; sourceTree = "<group>"; };
		1FFF59D026FF6383006B3F3B /* LinkedList.swift */ = {isa = PBXFileReference; lastKnownFileType = sourcecode.swift; path = LinkedList.swift; sourceTree = "<group>"; };
		1FFF59D426FF63B2006B3F3B /* Queue.swift */ = {isa = PBXFileReference; lastKnownFileType = sourcecode.swift; path = Queue.swift; sourceTree = "<group>"; };
		1FFF59D826FF63C7006B3F3B /* Stack.swift */ = {isa = PBXFileReference; lastKnownFileType = sourcecode.swift; path = Stack.swift; sourceTree = "<group>"; };
		1FFF59DC26FF63E1006B3F3B /* Tree.swift */ = {isa = PBXFileReference; lastKnownFileType = sourcecode.swift; path = Tree.swift; sourceTree = "<group>"; };
/* End PBXFileReference section */

/* Begin PBXFrameworksBuildPhase section */
		1F659F9226DF2D7F00ABA47A /* Frameworks */ = {
			isa = PBXFrameworksBuildPhase;
			buildActionMask = 2147483647;
			files = (
			);
			runOnlyForDeploymentPostprocessing = 0;
		};
		1F659F9B26DF2D8000ABA47A /* Frameworks */ = {
			isa = PBXFrameworksBuildPhase;
			buildActionMask = 2147483647;
			files = (
				1F659F9F26DF2D8000ABA47A /* FoundationExt.framework in Frameworks */,
			);
			runOnlyForDeploymentPostprocessing = 0;
		};
/* End PBXFrameworksBuildPhase section */

/* Begin PBXGroup section */
		1F05465326ECE6C200E64F3C /* Storage */ = {
			isa = PBXGroup;
			children = (
				1F05465426ECE6E500E64F3C /* Storage.swift */,
				1F05465A26ECE7A000E64F3C /* MemoryStorage.swift */,
				1F05466E26ECEBA200E64F3C /* DiskStorage.swift */,
			);
			path = Storage;
			sourceTree = "<group>";
		};
		1F63105A26EB0A8A00BCF22B /* Util */ = {
			isa = PBXGroup;
			children = (
				1FFF595926FF5265006B3F3B /* AttributedString */,
				1F63105B26EB0A9500BCF22B /* Concurrent */,
				1F659FB626DF300C00ABA47A /* BundleExtensions.swift */,
				1F659FBA26DF30F400ABA47A /* NSCharacterSetExtensions.swift */,
				1F05465E26ECE9B200E64F3C /* Runtime.swift */,
				1F05466226ECEA5B00E64F3C /* Box.swift */,
				1F05466626ECEA7700E64F3C /* Result.swift */,
				1F05466A26ECEB1A00E64F3C /* Delegate.swift */,
				1FF72AE426F36F31007E8BC6 /* Delegated.swift */,
				1F05467226ECEE6300E64F3C /* String_MD5.swift */,
				1F05467E26ECF51700E64F3C /* RetryStrategy.swift */,
				1FE8733926F0CBA600F0D4A8 /* Time.swift */,
				1F61840E26F5789500259E31 /* ThreadSafeCollection.swift */,
				1F01C37626FB4A6C00347660 /* Data_Extensions.swift */,
				1FFF59C326FF6277006B3F3B /* Array+Extensions.swift */,
				1F01C38426FB4D4900347660 /* Dictionary_Extensions.swift */,
				1F01C38026FB4AA700347660 /* AbsoluteValueProtocol.swift */,
				1F01C38A26FB570300347660 /* Random.swift */,
			);
			path = Util;
			sourceTree = "<group>";
		};
		1F63105B26EB0A9500BCF22B /* Concurrent */ = {
			isa = PBXGroup;
			children = (
				1F63107126EB1C9D00BCF22B /* DispathQueuePool.swift */,
				1F63103226EAF2C500BCF22B /* Async.swift */,
				1F63103626EAF85900BCF22B /* FIFOThread.swift */,
				1F63106726EB1B3100BCF22B /* AsyncOperation.swift */,
				1F63106B26EB1B4200BCF22B /* AsyncTaskQueue.swift */,
				1F05464F26ECD62000E64F3C /* CallbackQueue.swift */,
				1F63105C26EB0AAC00BCF22B /* Atomic */,
			);
			path = Concurrent;
			sourceTree = "<group>";
		};
		1F63105C26EB0AAC00BCF22B /* Atomic */ = {
			isa = PBXGroup;
			children = (
				1F63105D26EB0AD500BCF22B /* AtomicVar.swift */,
				1F87477726EF495B008B3FC3 /* AtomicInteger.swift */,
			);
			path = Atomic;
			sourceTree = "<group>";
		};
		1F63106F26EB1B7900BCF22B /* Net */ = {
			isa = PBXGroup;
			children = (
			);
			path = Net;
			sourceTree = "<group>";
		};
		1F63107026EB1BC100BCF22B /* Math */ = {
			isa = PBXGroup;
			children = (
			);
			path = Math;
			sourceTree = "<group>";
		};
		1F63107F26EB23EB00BCF22B /* Cache */ = {
			isa = PBXGroup;
			children = (
				1F05465326ECE6C200E64F3C /* Storage */,
				1FD920F526F4A99B00C61804 /* SimpleMemoryCache.swift */,
			);
			path = Cache;
			sourceTree = "<group>";
		};
		1F659F8B26DF2D7F00ABA47A = {
			isa = PBXGroup;
			children = (
				1F659F9726DF2D7F00ABA47A /* FoundationExt */,
				1F659FA226DF2D8000ABA47A /* FoundationExtTests */,
				1F659F9626DF2D7F00ABA47A /* Products */,
			);
			sourceTree = "<group>";
		};
		1F659F9626DF2D7F00ABA47A /* Products */ = {
			isa = PBXGroup;
			children = (
				1F659F9526DF2D7F00ABA47A /* FoundationExt.framework */,
				1F659F9E26DF2D8000ABA47A /* FoundationExtTests.xctest */,
			);
			name = Products;
			sourceTree = "<group>";
		};
		1F659F9726DF2D7F00ABA47A /* FoundationExt */ = {
			isa = PBXGroup;
			children = (
				1F659F9826DF2D7F00ABA47A /* FoundationExt.h */,
				1FFF59C726FF6288006B3F3B /* BasicDataStructures */,
				1F63107F26EB23EB00BCF22B /* Cache */,
				1F63107026EB1BC100BCF22B /* Math */,
				1F63106F26EB1B7900BCF22B /* Net */,
				1F63105A26EB0A8A00BCF22B /* Util */,
				1F659F9926DF2D7F00ABA47A /* Info.plist */,
			);
			path = FoundationExt;
			sourceTree = "<group>";
		};
		1F659FA226DF2D8000ABA47A /* FoundationExtTests */ = {
			isa = PBXGroup;
			children = (
				1FFF597726FF55A7006B3F3B /* AttributedString_Tests */,
				1F659FA326DF2D8000ABA47A /* FoundationExtTests.swift */,
				1F63103A26EAF98C00BCF22B /* FIFOThreadTests.swift */,
				1F63104026EAFED500BCF22B /* AsyncTests.swift */,
				1F63104426EAFF2D00BCF22B /* AsyncGroupTests.swift */,
				1F63106326EB0F7000BCF22B /* AtomicVarTests.swift */,
				1F05467626ECF2ED00E64F3C /* String_MD5_Tests.swift */,
				1F05467A26ECF3A400E64F3C /* StorageExpirationTests.swift */,
				1F05468226ECF70F00E64F3C /* MemoryStorageTests.swift */,
				1F05469026ECF7E800E64F3C /* DiskStorageTests.swift */,
				1F63107926EB1E5900BCF22B /* AsyncTaskQueueTests.swift */,
				1F49EFF526EE080F0028C06F /* RuntimeTests.swift */,
				1FF72AE826F37087007E8BC6 /* DelegatedTests.swift */,
				1F87476626EF2E66008B3FC3 /* DispatchQueuePoolTests.swift */,
				1FD920FB26F4B1F000C61804 /* SimpleMemoryCacheTests.swift */,
				1F61841426F58AFF00259E31 /* ThreadSafeCollectionTests.swift */,
				1F49EFFD26EE22B40028C06F /* TestHelpers.swift */,
				1F659FA526DF2D8000ABA47A /* Info.plist */,
			);
			path = FoundationExtTests;
			sourceTree = "<group>";
		};
		1FFF595926FF5265006B3F3B /* AttributedString */ = {
			isa = PBXGroup;
			children = (
				1FFF595E26FF5513006B3F3B /* SwifttyAttributes */,
				1FFF595526FF5215006B3F3B /* NSMutableAttributedString+Extensions.swift */,
			);
			path = AttributedString;
			sourceTree = "<group>";
		};
		1FFF595E26FF5513006B3F3B /* SwifttyAttributes */ = {
			isa = PBXGroup;
			children = (
				1FFF596626FF555C006B3F3B /* Attribute.swift */,
				1FFF596826FF555C006B3F3B /* Attribute+Sequence.swift */,
				1FFF595F26FF555C006B3F3B /* Ligatures.swift */,
				1FFF596226FF555C006B3F3B /* NSAttributedString+SwiftyAttributes.swift */,
				1FFF596126FF555C006B3F3B /* NSMutableAttributedString+SwiftyAttributes.swift */,
				1FFF596026FF555C006B3F3B /* NSString+SwiftyAttributes.swift */,
				1FFF596726FF555C006B3F3B /* Operators.swift */,
				1FFF596326FF555C006B3F3B /* String+SwiftyAttributes.swift */,
				1FFF596926FF555C006B3F3B /* TextEffect.swift */,
				1FFF596426FF555C006B3F3B /* VerticalGlyphForm.swift */,
				1FFF596526FF555C006B3F3B /* WritingDirection.swift */,
			);
			path = SwifttyAttributes;
			sourceTree = "<group>";
		};
		1FFF597726FF55A7006B3F3B /* AttributedString_Tests */ = {
			isa = PBXGroup;
			children = (
				1FFF597826FF5615006B3F3B /* Attribute+Sequence_Tests.swift */,
				1FFF597B26FF5616006B3F3B /* NSAttributedString_Tests.swift */,
				1FFF598126FF5616006B3F3B /* NSMutableAttributedString_Tests.swift */,
				1FFF597926FF5615006B3F3B /* NSString_Tests.swift */,
				1FFF598026FF5616006B3F3B /* Operators_Tests.swift */,
				1FFF597D26FF5616006B3F3B /* SpellingState_Tests.swift */,
				1FFF597A26FF5615006B3F3B /* SwiftyAttributes_Tests.swift */,
				1FFF597C26FF5616006B3F3B /* TextEffect_Tests.swift */,
				1FFF597F26FF5616006B3F3B /* VerticalGlyphForm_Tests.swift */,
				1FFF597E26FF5616006B3F3B /* WritingDirection_Tests.swift */,
			);
			path = AttributedString_Tests;
			sourceTree = "<group>";
		};
		1FFF59C726FF6288006B3F3B /* BasicDataStructures */ = {
			isa = PBXGroup;
			children = (
				1FFF59C826FF631F006B3F3B /* BitSet.swift */,
				1FFF59CC26FF635B006B3F3B /* Deque.swift */,
				1FFF59D026FF6383006B3F3B /* LinkedList.swift */,
				1FFF59D426FF63B2006B3F3B /* Queue.swift */,
				1FFF59D826FF63C7006B3F3B /* Stack.swift */,
				1FFF59DC26FF63E1006B3F3B /* Tree.swift */,
			);
			path = BasicDataStructures;
			sourceTree = "<group>";
		};
/* End PBXGroup section */

/* Begin PBXHeadersBuildPhase section */
		1F659F9026DF2D7F00ABA47A /* Headers */ = {
			isa = PBXHeadersBuildPhase;
			buildActionMask = 2147483647;
			files = (
				1F659FA626DF2D8000ABA47A /* FoundationExt.h in Headers */,
			);
			runOnlyForDeploymentPostprocessing = 0;
		};
/* End PBXHeadersBuildPhase section */

/* Begin PBXNativeTarget section */
		1F659F9426DF2D7F00ABA47A /* FoundationExt */ = {
			isa = PBXNativeTarget;
			buildConfigurationList = 1F659FA926DF2D8000ABA47A /* Build configuration list for PBXNativeTarget "FoundationExt" */;
			buildPhases = (
				1F659F9026DF2D7F00ABA47A /* Headers */,
				1F659F9126DF2D7F00ABA47A /* Sources */,
				1F659F9226DF2D7F00ABA47A /* Frameworks */,
				1F659F9326DF2D7F00ABA47A /* Resources */,
			);
			buildRules = (
			);
			dependencies = (
			);
			name = FoundationExt;
			productName = FoundationExt;
			productReference = 1F659F9526DF2D7F00ABA47A /* FoundationExt.framework */;
			productType = "com.apple.product-type.framework";
		};
		1F659F9D26DF2D8000ABA47A /* FoundationExtTests */ = {
			isa = PBXNativeTarget;
			buildConfigurationList = 1F659FAC26DF2D8000ABA47A /* Build configuration list for PBXNativeTarget "FoundationExtTests" */;
			buildPhases = (
				1F659F9A26DF2D8000ABA47A /* Sources */,
				1F659F9B26DF2D8000ABA47A /* Frameworks */,
				1F659F9C26DF2D8000ABA47A /* Resources */,
			);
			buildRules = (
			);
			dependencies = (
				1F659FA126DF2D8000ABA47A /* PBXTargetDependency */,
			);
			name = FoundationExtTests;
			productName = FoundationExtTests;
			productReference = 1F659F9E26DF2D8000ABA47A /* FoundationExtTests.xctest */;
			productType = "com.apple.product-type.bundle.unit-test";
		};
/* End PBXNativeTarget section */

/* Begin PBXProject section */
		1F659F8C26DF2D7F00ABA47A /* Project object */ = {
			isa = PBXProject;
			attributes = {
				LastSwiftUpdateCheck = 1240;
				LastUpgradeCheck = 1240;
				TargetAttributes = {
					1F659F9426DF2D7F00ABA47A = {
						CreatedOnToolsVersion = 12.4;
						LastSwiftMigration = 1240;
					};
					1F659F9D26DF2D8000ABA47A = {
						CreatedOnToolsVersion = 12.4;
					};
				};
			};
			buildConfigurationList = 1F659F8F26DF2D7F00ABA47A /* Build configuration list for PBXProject "FoundationExt" */;
			compatibilityVersion = "Xcode 9.3";
			developmentRegion = en;
			hasScannedForEncodings = 0;
			knownRegions = (
				en,
				Base,
			);
			mainGroup = 1F659F8B26DF2D7F00ABA47A;
			productRefGroup = 1F659F9626DF2D7F00ABA47A /* Products */;
			projectDirPath = "";
			projectRoot = "";
			targets = (
				1F659F9426DF2D7F00ABA47A /* FoundationExt */,
				1F659F9D26DF2D8000ABA47A /* FoundationExtTests */,
			);
		};
/* End PBXProject section */

/* Begin PBXResourcesBuildPhase section */
		1F659F9326DF2D7F00ABA47A /* Resources */ = {
			isa = PBXResourcesBuildPhase;
			buildActionMask = 2147483647;
			files = (
			);
			runOnlyForDeploymentPostprocessing = 0;
		};
		1F659F9C26DF2D8000ABA47A /* Resources */ = {
			isa = PBXResourcesBuildPhase;
			buildActionMask = 2147483647;
			files = (
			);
			runOnlyForDeploymentPostprocessing = 0;
		};
/* End PBXResourcesBuildPhase section */

/* Begin PBXSourcesBuildPhase section */
		1F659F9126DF2D7F00ABA47A /* Sources */ = {
			isa = PBXSourcesBuildPhase;
			buildActionMask = 2147483647;
			files = (
				1F01C38126FB4AA700347660 /* AbsoluteValueProtocol.swift in Sources */,
				1FFF59D926FF63C7006B3F3B /* Stack.swift in Sources */,
				1F659FB726DF300C00ABA47A /* BundleExtensions.swift in Sources */,
				1F01C37726FB4A6C00347660 /* Data_Extensions.swift in Sources */,
				1FFF59D526FF63B2006B3F3B /* Queue.swift in Sources */,
				1F05467326ECEE6300E64F3C /* String_MD5.swift in Sources */,
				1FFF597026FF555C006B3F3B /* WritingDirection.swift in Sources */,
				1FFF596F26FF555C006B3F3B /* VerticalGlyphForm.swift in Sources */,
				1F05465026ECD62000E64F3C /* CallbackQueue.swift in Sources */,
				1FFF596E26FF555C006B3F3B /* String+SwiftyAttributes.swift in Sources */,
				1FFF59CD26FF635B006B3F3B /* Deque.swift in Sources */,
				1FD920F626F4A99B00C61804 /* SimpleMemoryCache.swift in Sources */,
				1F63103326EAF2C500BCF22B /* Async.swift in Sources */,
				1F63105E26EB0AD500BCF22B /* AtomicVar.swift in Sources */,
				1FFF59C426FF6277006B3F3B /* Array+Extensions.swift in Sources */,
				1FFF597226FF555C006B3F3B /* Operators.swift in Sources */,
				1F05466726ECEA7700E64F3C /* Result.swift in Sources */,
				1FFF59DD26FF63E1006B3F3B /* Tree.swift in Sources */,
				1F05465F26ECE9B200E64F3C /* Runtime.swift in Sources */,
				1FFF596C26FF555C006B3F3B /* NSMutableAttributedString+SwiftyAttributes.swift in Sources */,
				1FFF596B26FF555C006B3F3B /* NSString+SwiftyAttributes.swift in Sources */,
				1FFF596D26FF555C006B3F3B /* NSAttributedString+SwiftyAttributes.swift in Sources */,
				1F05466B26ECEB1A00E64F3C /* Delegate.swift in Sources */,
				1F01C38526FB4D4900347660 /* Dictionary_Extensions.swift in Sources */,
				1FFF597326FF555C006B3F3B /* Attribute+Sequence.swift in Sources */,
				1F63106C26EB1B4200BCF22B /* AsyncTaskQueue.swift in Sources */,
				1FF72AE526F36F31007E8BC6 /* Delegated.swift in Sources */,
				1F05466326ECEA5B00E64F3C /* Box.swift in Sources */,
				1F63107226EB1C9D00BCF22B /* DispathQueuePool.swift in Sources */,
				1F05467F26ECF51700E64F3C /* RetryStrategy.swift in Sources */,
				1FE8733A26F0CBA600F0D4A8 /* Time.swift in Sources */,
				1FFF596A26FF555C006B3F3B /* Ligatures.swift in Sources */,
				1FFF595626FF5215006B3F3B /* NSMutableAttributedString+Extensions.swift in Sources */,
				1F659FBB26DF30F400ABA47A /* NSCharacterSetExtensions.swift in Sources */,
				1F05465B26ECE7A000E64F3C /* MemoryStorage.swift in Sources */,
				1F87477826EF495B008B3FC3 /* AtomicInteger.swift in Sources */,
				1FFF59C926FF631F006B3F3B /* BitSet.swift in Sources */,
				1F05466F26ECEBA200E64F3C /* DiskStorage.swift in Sources */,
				1FFF597126FF555C006B3F3B /* Attribute.swift in Sources */,
				1F63106826EB1B3100BCF22B /* AsyncOperation.swift in Sources */,
				1FFF59D126FF6383006B3F3B /* LinkedList.swift in Sources */,
				1F63103726EAF85900BCF22B /* FIFOThread.swift in Sources */,
				1F05465526ECE6E500E64F3C /* Storage.swift in Sources */,
				1F61840F26F5789500259E31 /* ThreadSafeCollection.swift in Sources */,
				1F01C38B26FB570300347660 /* Random.swift in Sources */,
				1FFF597426FF555C006B3F3B /* TextEffect.swift in Sources */,
			);
			runOnlyForDeploymentPostprocessing = 0;
		};
		1F659F9A26DF2D8000ABA47A /* Sources */ = {
			isa = PBXSourcesBuildPhase;
			buildActionMask = 2147483647;
			files = (
				1F61841526F58AFF00259E31 /* ThreadSafeCollectionTests.swift in Sources */,
				1FFF598826FF5616006B3F3B /* WritingDirection_Tests.swift in Sources */,
				1F49EFF626EE080F0028C06F /* RuntimeTests.swift in Sources */,
				1F659FA426DF2D8000ABA47A /* FoundationExtTests.swift in Sources */,
				1FFF598A26FF5616006B3F3B /* Operators_Tests.swift in Sources */,
				1F05468326ECF70F00E64F3C /* MemoryStorageTests.swift in Sources */,
				1F63103B26EAF98C00BCF22B /* FIFOThreadTests.swift in Sources */,
				1FD920FC26F4B1F000C61804 /* SimpleMemoryCacheTests.swift in Sources */,
				1F05467B26ECF3A400E64F3C /* StorageExpirationTests.swift in Sources */,
				1F63104526EAFF2D00BCF22B /* AsyncGroupTests.swift in Sources */,
				1F05467726ECF2ED00E64F3C /* String_MD5_Tests.swift in Sources */,
				1FFF598326FF5616006B3F3B /* NSString_Tests.swift in Sources */,
				1FFF598B26FF5616006B3F3B /* NSMutableAttributedString_Tests.swift in Sources */,
				1F05469126ECF7E800E64F3C /* DiskStorageTests.swift in Sources */,
				1FFF598226FF5616006B3F3B /* Attribute+Sequence_Tests.swift in Sources */,
				1F63107A26EB1E5900BCF22B /* AsyncTaskQueueTests.swift in Sources */,
				1F63104126EAFED500BCF22B /* AsyncTests.swift in Sources */,
				1F87476726EF2E66008B3FC3 /* DispatchQueuePoolTests.swift in Sources */,
				1FFF598426FF5616006B3F3B /* SwiftyAttributes_Tests.swift in Sources */,
				1FFF598626FF5616006B3F3B /* TextEffect_Tests.swift in Sources */,
				1F63106426EB0F7000BCF22B /* AtomicVarTests.swift in Sources */,
				1F49EFFE26EE22B40028C06F /* TestHelpers.swift in Sources */,
				1FFF598926FF5616006B3F3B /* VerticalGlyphForm_Tests.swift in Sources */,
				1FF72AE926F37087007E8BC6 /* DelegatedTests.swift in Sources */,
				1FFF598526FF5616006B3F3B /* NSAttributedString_Tests.swift in Sources */,
				1FFF598726FF5616006B3F3B /* SpellingState_Tests.swift in Sources */,
			);
			runOnlyForDeploymentPostprocessing = 0;
		};
/* End PBXSourcesBuildPhase section */

/* Begin PBXTargetDependency section */
		1F659FA126DF2D8000ABA47A /* PBXTargetDependency */ = {
			isa = PBXTargetDependency;
			target = 1F659F9426DF2D7F00ABA47A /* FoundationExt */;
			targetProxy = 1F659FA026DF2D8000ABA47A /* PBXContainerItemProxy */;
		};
/* End PBXTargetDependency section */

/* Begin XCBuildConfiguration section */
		1F659FA726DF2D8000ABA47A /* Debug */ = {
			isa = XCBuildConfiguration;
			buildSettings = {
				ALWAYS_SEARCH_USER_PATHS = NO;
				CLANG_ANALYZER_NONNULL = YES;
				CLANG_ANALYZER_NUMBER_OBJECT_CONVERSION = YES_AGGRESSIVE;
				CLANG_CXX_LANGUAGE_STANDARD = "gnu++14";
				CLANG_CXX_LIBRARY = "libc++";
				CLANG_ENABLE_MODULES = YES;
				CLANG_ENABLE_OBJC_ARC = YES;
				CLANG_ENABLE_OBJC_WEAK = YES;
				CLANG_WARN_BLOCK_CAPTURE_AUTORELEASING = YES;
				CLANG_WARN_BOOL_CONVERSION = YES;
				CLANG_WARN_COMMA = YES;
				CLANG_WARN_CONSTANT_CONVERSION = YES;
				CLANG_WARN_DEPRECATED_OBJC_IMPLEMENTATIONS = YES;
				CLANG_WARN_DIRECT_OBJC_ISA_USAGE = YES_ERROR;
				CLANG_WARN_DOCUMENTATION_COMMENTS = YES;
				CLANG_WARN_EMPTY_BODY = YES;
				CLANG_WARN_ENUM_CONVERSION = YES;
				CLANG_WARN_INFINITE_RECURSION = YES;
				CLANG_WARN_INT_CONVERSION = YES;
				CLANG_WARN_NON_LITERAL_NULL_CONVERSION = YES;
				CLANG_WARN_OBJC_IMPLICIT_RETAIN_SELF = YES;
				CLANG_WARN_OBJC_LITERAL_CONVERSION = YES;
				CLANG_WARN_OBJC_ROOT_CLASS = YES_ERROR;
				CLANG_WARN_QUOTED_INCLUDE_IN_FRAMEWORK_HEADER = YES;
				CLANG_WARN_RANGE_LOOP_ANALYSIS = YES;
				CLANG_WARN_STRICT_PROTOTYPES = YES;
				CLANG_WARN_SUSPICIOUS_MOVE = YES;
				CLANG_WARN_UNGUARDED_AVAILABILITY = YES_AGGRESSIVE;
				CLANG_WARN_UNREACHABLE_CODE = YES;
				CLANG_WARN__DUPLICATE_METHOD_MATCH = YES;
				COPY_PHASE_STRIP = NO;
				CURRENT_PROJECT_VERSION = 1;
				DEBUG_INFORMATION_FORMAT = dwarf;
				ENABLE_STRICT_OBJC_MSGSEND = YES;
				ENABLE_TESTABILITY = YES;
				GCC_C_LANGUAGE_STANDARD = gnu11;
				GCC_DYNAMIC_NO_PIC = NO;
				GCC_NO_COMMON_BLOCKS = YES;
				GCC_OPTIMIZATION_LEVEL = 0;
				GCC_PREPROCESSOR_DEFINITIONS = (
					"DEBUG=1",
					"$(inherited)",
				);
				GCC_WARN_64_TO_32_BIT_CONVERSION = YES;
				GCC_WARN_ABOUT_RETURN_TYPE = YES_ERROR;
				GCC_WARN_UNDECLARED_SELECTOR = YES;
				GCC_WARN_UNINITIALIZED_AUTOS = YES_AGGRESSIVE;
				GCC_WARN_UNUSED_FUNCTION = YES;
				GCC_WARN_UNUSED_VARIABLE = YES;
				IPHONEOS_DEPLOYMENT_TARGET = 14.4;
				MTL_ENABLE_DEBUG_INFO = INCLUDE_SOURCE;
				MTL_FAST_MATH = YES;
				ONLY_ACTIVE_ARCH = YES;
				SDKROOT = iphoneos;
				SWIFT_ACTIVE_COMPILATION_CONDITIONS = DEBUG;
				SWIFT_OPTIMIZATION_LEVEL = "-Onone";
				SWIFT_VERSION = 5.0;
				VERSIONING_SYSTEM = "apple-generic";
				VERSION_INFO_PREFIX = "";
			};
			name = Debug;
		};
		1F659FA826DF2D8000ABA47A /* Release */ = {
			isa = XCBuildConfiguration;
			buildSettings = {
				ALWAYS_SEARCH_USER_PATHS = NO;
				CLANG_ANALYZER_NONNULL = YES;
				CLANG_ANALYZER_NUMBER_OBJECT_CONVERSION = YES_AGGRESSIVE;
				CLANG_CXX_LANGUAGE_STANDARD = "gnu++14";
				CLANG_CXX_LIBRARY = "libc++";
				CLANG_ENABLE_MODULES = YES;
				CLANG_ENABLE_OBJC_ARC = YES;
				CLANG_ENABLE_OBJC_WEAK = YES;
				CLANG_WARN_BLOCK_CAPTURE_AUTORELEASING = YES;
				CLANG_WARN_BOOL_CONVERSION = YES;
				CLANG_WARN_COMMA = YES;
				CLANG_WARN_CONSTANT_CONVERSION = YES;
				CLANG_WARN_DEPRECATED_OBJC_IMPLEMENTATIONS = YES;
				CLANG_WARN_DIRECT_OBJC_ISA_USAGE = YES_ERROR;
				CLANG_WARN_DOCUMENTATION_COMMENTS = YES;
				CLANG_WARN_EMPTY_BODY = YES;
				CLANG_WARN_ENUM_CONVERSION = YES;
				CLANG_WARN_INFINITE_RECURSION = YES;
				CLANG_WARN_INT_CONVERSION = YES;
				CLANG_WARN_NON_LITERAL_NULL_CONVERSION = YES;
				CLANG_WARN_OBJC_IMPLICIT_RETAIN_SELF = YES;
				CLANG_WARN_OBJC_LITERAL_CONVERSION = YES;
				CLANG_WARN_OBJC_ROOT_CLASS = YES_ERROR;
				CLANG_WARN_QUOTED_INCLUDE_IN_FRAMEWORK_HEADER = YES;
				CLANG_WARN_RANGE_LOOP_ANALYSIS = YES;
				CLANG_WARN_STRICT_PROTOTYPES = YES;
				CLANG_WARN_SUSPICIOUS_MOVE = YES;
				CLANG_WARN_UNGUARDED_AVAILABILITY = YES_AGGRESSIVE;
				CLANG_WARN_UNREACHABLE_CODE = YES;
				CLANG_WARN__DUPLICATE_METHOD_MATCH = YES;
				COPY_PHASE_STRIP = NO;
				CURRENT_PROJECT_VERSION = 1;
				DEBUG_INFORMATION_FORMAT = "dwarf-with-dsym";
				ENABLE_NS_ASSERTIONS = NO;
				ENABLE_STRICT_OBJC_MSGSEND = YES;
				GCC_C_LANGUAGE_STANDARD = gnu11;
				GCC_NO_COMMON_BLOCKS = YES;
				GCC_WARN_64_TO_32_BIT_CONVERSION = YES;
				GCC_WARN_ABOUT_RETURN_TYPE = YES_ERROR;
				GCC_WARN_UNDECLARED_SELECTOR = YES;
				GCC_WARN_UNINITIALIZED_AUTOS = YES_AGGRESSIVE;
				GCC_WARN_UNUSED_FUNCTION = YES;
				GCC_WARN_UNUSED_VARIABLE = YES;
				IPHONEOS_DEPLOYMENT_TARGET = 14.4;
				MTL_ENABLE_DEBUG_INFO = NO;
				MTL_FAST_MATH = YES;
				SDKROOT = iphoneos;
				SWIFT_COMPILATION_MODE = wholemodule;
				SWIFT_OPTIMIZATION_LEVEL = "-O";
				SWIFT_VERSION = 5.0;
				VALIDATE_PRODUCT = YES;
				VERSIONING_SYSTEM = "apple-generic";
				VERSION_INFO_PREFIX = "";
			};
			name = Release;
		};
		1F659FAA26DF2D8000ABA47A /* Debug */ = {
			isa = XCBuildConfiguration;
			buildSettings = {
				CLANG_ENABLE_MODULES = YES;
				CODE_SIGN_STYLE = Automatic;
				DEFINES_MODULE = YES;
				DEVELOPMENT_TEAM = CVWL76VY9C;
				DYLIB_COMPATIBILITY_VERSION = 1;
				DYLIB_CURRENT_VERSION = 1;
				DYLIB_INSTALL_NAME_BASE = "@rpath";
				INFOPLIST_FILE = FoundationExt/Info.plist;
				INSTALL_PATH = "$(LOCAL_LIBRARY_DIR)/Frameworks";
				LD_RUNPATH_SEARCH_PATHS = (
					"$(inherited)",
					"@executable_path/Frameworks",
					"@loader_path/Frameworks",
				);
				PRODUCT_BUNDLE_IDENTIFIER = com.skyprayer.FoundationExt;
				PRODUCT_NAME = "$(TARGET_NAME:c99extidentifier)";
				SKIP_INSTALL = YES;
				SUPPORTS_MACCATALYST = YES;
				SWIFT_OPTIMIZATION_LEVEL = "-Onone";
				TARGETED_DEVICE_FAMILY = "1,2";
			};
			name = Debug;
		};
		1F659FAB26DF2D8000ABA47A /* Release */ = {
			isa = XCBuildConfiguration;
			buildSettings = {
				CLANG_ENABLE_MODULES = YES;
				CODE_SIGN_STYLE = Automatic;
				DEFINES_MODULE = YES;
				DEVELOPMENT_TEAM = CVWL76VY9C;
				DYLIB_COMPATIBILITY_VERSION = 1;
				DYLIB_CURRENT_VERSION = 1;
				DYLIB_INSTALL_NAME_BASE = "@rpath";
				INFOPLIST_FILE = FoundationExt/Info.plist;
				INSTALL_PATH = "$(LOCAL_LIBRARY_DIR)/Frameworks";
				LD_RUNPATH_SEARCH_PATHS = (
					"$(inherited)",
					"@executable_path/Frameworks",
					"@loader_path/Frameworks",
				);
				PRODUCT_BUNDLE_IDENTIFIER = com.skyprayer.FoundationExt;
				PRODUCT_NAME = "$(TARGET_NAME:c99extidentifier)";
				SKIP_INSTALL = YES;
				SUPPORTS_MACCATALYST = YES;
				TARGETED_DEVICE_FAMILY = "1,2";
			};
			name = Release;
		};
		1F659FAD26DF2D8000ABA47A /* Debug */ = {
			isa = XCBuildConfiguration;
			buildSettings = {
				ALWAYS_EMBED_SWIFT_STANDARD_LIBRARIES = YES;
				CODE_SIGN_STYLE = Automatic;
				DEVELOPMENT_TEAM = CVWL76VY9C;
				INFOPLIST_FILE = FoundationExtTests/Info.plist;
				LD_RUNPATH_SEARCH_PATHS = (
					"$(inherited)",
					"@executable_path/Frameworks",
					"@loader_path/Frameworks",
				);
				PRODUCT_BUNDLE_IDENTIFIER = com.skyprayer.FoundationExtTests;
				PRODUCT_NAME = "$(TARGET_NAME)";
				TARGETED_DEVICE_FAMILY = "1,2";
			};
			name = Debug;
		};
		1F659FAE26DF2D8000ABA47A /* Release */ = {
			isa = XCBuildConfiguration;
			buildSettings = {
				ALWAYS_EMBED_SWIFT_STANDARD_LIBRARIES = YES;
				CODE_SIGN_STYLE = Automatic;
				DEVELOPMENT_TEAM = CVWL76VY9C;
				INFOPLIST_FILE = FoundationExtTests/Info.plist;
				LD_RUNPATH_SEARCH_PATHS = (
					"$(inherited)",
					"@executable_path/Frameworks",
					"@loader_path/Frameworks",
				);
				PRODUCT_BUNDLE_IDENTIFIER = com.skyprayer.FoundationExtTests;
				PRODUCT_NAME = "$(TARGET_NAME)";
				TARGETED_DEVICE_FAMILY = "1,2";
			};
			name = Release;
		};
/* End XCBuildConfiguration section */

/* Begin XCConfigurationList section */
		1F659F8F26DF2D7F00ABA47A /* Build configuration list for PBXProject "FoundationExt" */ = {
			isa = XCConfigurationList;
			buildConfigurations = (
				1F659FA726DF2D8000ABA47A /* Debug */,
				1F659FA826DF2D8000ABA47A /* Release */,
			);
			defaultConfigurationIsVisible = 0;
			defaultConfigurationName = Release;
		};
		1F659FA926DF2D8000ABA47A /* Build configuration list for PBXNativeTarget "FoundationExt" */ = {
			isa = XCConfigurationList;
			buildConfigurations = (
				1F659FAA26DF2D8000ABA47A /* Debug */,
				1F659FAB26DF2D8000ABA47A /* Release */,
			);
			defaultConfigurationIsVisible = 0;
			defaultConfigurationName = Release;
		};
		1F659FAC26DF2D8000ABA47A /* Build configuration list for PBXNativeTarget "FoundationExtTests" */ = {
			isa = XCConfigurationList;
			buildConfigurations = (
				1F659FAD26DF2D8000ABA47A /* Debug */,
				1F659FAE26DF2D8000ABA47A /* Release */,
			);
			defaultConfigurationIsVisible = 0;
			defaultConfigurationName = Release;
		};
/* End XCConfigurationList section */
	};
	rootObject = 1F659F8C26DF2D7F00ABA47A /* Project object */;
}
