// !$*UTF8*$!
{
	archiveVersion = 1;
	classes = {
	};
	objectVersion = 50;
	objects = {

/* Begin PBXBuildFile section */
		1F63103326EAF2C500BCF22B /* Async.swift in Sources */ = {isa = PBXBuildFile; fileRef = 1F63103226EAF2C500BCF22B /* Async.swift */; };
		1F63103726EAF85900BCF22B /* FIFOThread.swift in Sources */ = {isa = PBXBuildFile; fileRef = 1F63103626EAF85900BCF22B /* FIFOThread.swift */; };
		1F63103B26EAF98C00BCF22B /* FIFOThreadTests.swift in Sources */ = {isa = PBXBuildFile; fileRef = 1F63103A26EAF98C00BCF22B /* FIFOThreadTests.swift */; };
		1F63104126EAFED500BCF22B /* AsyncTests.swift in Sources */ = {isa = PBXBuildFile; fileRef = 1F63104026EAFED500BCF22B /* AsyncTests.swift */; };
		1F63104526EAFF2D00BCF22B /* AsyncGroupTests.swift in Sources */ = {isa = PBXBuildFile; fileRef = 1F63104426EAFF2D00BCF22B /* AsyncGroupTests.swift */; };
		1F659F9F26DF2D8000ABA47A /* FoundationExt.framework in Frameworks */ = {isa = PBXBuildFile; fileRef = 1F659F9526DF2D7F00ABA47A /* FoundationExt.framework */; };
		1F659FA426DF2D8000ABA47A /* FoundationExtTests.swift in Sources */ = {isa = PBXBuildFile; fileRef = 1F659FA326DF2D8000ABA47A /* FoundationExtTests.swift */; };
		1F659FA626DF2D8000ABA47A /* FoundationExt.h in Headers */ = {isa = PBXBuildFile; fileRef = 1F659F9826DF2D7F00ABA47A /* FoundationExt.h */; settings = {ATTRIBUTES = (Public, ); }; };
		1F659FB726DF300C00ABA47A /* BundleExtensions.swift in Sources */ = {isa = PBXBuildFile; fileRef = 1F659FB626DF300C00ABA47A /* BundleExtensions.swift */; };
		1F659FBB26DF30F400ABA47A /* NSCharacterSetExtensions.swift in Sources */ = {isa = PBXBuildFile; fileRef = 1F659FBA26DF30F400ABA47A /* NSCharacterSetExtensions.swift */; };
/* End PBXBuildFile section */

/* Begin PBXContainerItemProxy section */
		1F659FA026DF2D8000ABA47A /* PBXContainerItemProxy */ = {
			isa = PBXContainerItemProxy;
			containerPortal = 1F659F8C26DF2D7F00ABA47A /* Project object */;
			proxyType = 1;
			remoteGlobalIDString = 1F659F9426DF2D7F00ABA47A;
			remoteInfo = FoundationExt;
		};
/* End PBXContainerItemProxy section */

/* Begin PBXFileReference section */
		1F63103226EAF2C500BCF22B /* Async.swift */ = {isa = PBXFileReference; lastKnownFileType = sourcecode.swift; path = Async.swift; sourceTree = "<group>"; };
		1F63103626EAF85900BCF22B /* FIFOThread.swift */ = {isa = PBXFileReference; lastKnownFileType = sourcecode.swift; path = FIFOThread.swift; sourceTree = "<group>"; };
		1F63103A26EAF98C00BCF22B /* FIFOThreadTests.swift */ = {isa = PBXFileReference; lastKnownFileType = sourcecode.swift; path = FIFOThreadTests.swift; sourceTree = "<group>"; };
		1F63104026EAFED500BCF22B /* AsyncTests.swift */ = {isa = PBXFileReference; lastKnownFileType = sourcecode.swift; path = AsyncTests.swift; sourceTree = "<group>"; };
		1F63104426EAFF2D00BCF22B /* AsyncGroupTests.swift */ = {isa = PBXFileReference; lastKnownFileType = sourcecode.swift; path = AsyncGroupTests.swift; sourceTree = "<group>"; };
		1F659F9526DF2D7F00ABA47A /* FoundationExt.framework */ = {isa = PBXFileReference; explicitFileType = wrapper.framework; includeInIndex = 0; path = FoundationExt.framework; sourceTree = BUILT_PRODUCTS_DIR; };
		1F659F9826DF2D7F00ABA47A /* FoundationExt.h */ = {isa = PBXFileReference; lastKnownFileType = sourcecode.c.h; path = FoundationExt.h; sourceTree = "<group>"; };
		1F659F9926DF2D7F00ABA47A /* Info.plist */ = {isa = PBXFileReference; lastKnownFileType = text.plist.xml; path = Info.plist; sourceTree = "<group>"; };
		1F659F9E26DF2D8000ABA47A /* FoundationExtTests.xctest */ = {isa = PBXFileReference; explicitFileType = wrapper.cfbundle; includeInIndex = 0; path = FoundationExtTests.xctest; sourceTree = BUILT_PRODUCTS_DIR; };
		1F659FA326DF2D8000ABA47A /* FoundationExtTests.swift */ = {isa = PBXFileReference; lastKnownFileType = sourcecode.swift; path = FoundationExtTests.swift; sourceTree = "<group>"; };
		1F659FA526DF2D8000ABA47A /* Info.plist */ = {isa = PBXFileReference; lastKnownFileType = text.plist.xml; path = Info.plist; sourceTree = "<group>"; };
		1F659FB626DF300C00ABA47A /* BundleExtensions.swift */ = {isa = PBXFileReference; lastKnownFileType = sourcecode.swift; path = BundleExtensions.swift; sourceTree = "<group>"; };
		1F659FBA26DF30F400ABA47A /* NSCharacterSetExtensions.swift */ = {isa = PBXFileReference; lastKnownFileType = sourcecode.swift; path = NSCharacterSetExtensions.swift; sourceTree = "<group>"; };
/* End PBXFileReference section */

/* Begin PBXFrameworksBuildPhase section */
		1F659F9226DF2D7F00ABA47A /* Frameworks */ = {
			isa = PBXFrameworksBuildPhase;
			buildActionMask = 2147483647;
			files = (
			);
			runOnlyForDeploymentPostprocessing = 0;
		};
		1F659F9B26DF2D8000ABA47A /* Frameworks */ = {
			isa = PBXFrameworksBuildPhase;
			buildActionMask = 2147483647;
			files = (
				1F659F9F26DF2D8000ABA47A /* FoundationExt.framework in Frameworks */,
			);
			runOnlyForDeploymentPostprocessing = 0;
		};
/* End PBXFrameworksBuildPhase section */

/* Begin PBXGroup section */
		1F659F8B26DF2D7F00ABA47A = {
			isa = PBXGroup;
			children = (
				1F659F9726DF2D7F00ABA47A /* FoundationExt */,
				1F659FA226DF2D8000ABA47A /* FoundationExtTests */,
				1F659F9626DF2D7F00ABA47A /* Products */,
			);
			sourceTree = "<group>";
		};
		1F659F9626DF2D7F00ABA47A /* Products */ = {
			isa = PBXGroup;
			children = (
				1F659F9526DF2D7F00ABA47A /* FoundationExt.framework */,
				1F659F9E26DF2D8000ABA47A /* FoundationExtTests.xctest */,
			);
			name = Products;
			sourceTree = "<group>";
		};
		1F659F9726DF2D7F00ABA47A /* FoundationExt */ = {
			isa = PBXGroup;
			children = (
				1F659F9826DF2D7F00ABA47A /* FoundationExt.h */,
				1F659FB626DF300C00ABA47A /* BundleExtensions.swift */,
				1F659FBA26DF30F400ABA47A /* NSCharacterSetExtensions.swift */,
				1F63103226EAF2C500BCF22B /* Async.swift */,
				1F63103626EAF85900BCF22B /* FIFOThread.swift */,
				1F659F9926DF2D7F00ABA47A /* Info.plist */,
			);
			path = FoundationExt;
			sourceTree = "<group>";
		};
		1F659FA226DF2D8000ABA47A /* FoundationExtTests */ = {
			isa = PBXGroup;
			children = (
				1F659FA326DF2D8000ABA47A /* FoundationExtTests.swift */,
				1F63103A26EAF98C00BCF22B /* FIFOThreadTests.swift */,
				1F63104026EAFED500BCF22B /* AsyncTests.swift */,
				1F63104426EAFF2D00BCF22B /* AsyncGroupTests.swift */,
				1F659FA526DF2D8000ABA47A /* Info.plist */,
			);
			path = FoundationExtTests;
			sourceTree = "<group>";
		};
/* End PBXGroup section */

/* Begin PBXHeadersBuildPhase section */
		1F659F9026DF2D7F00ABA47A /* Headers */ = {
			isa = PBXHeadersBuildPhase;
			buildActionMask = 2147483647;
			files = (
				1F659FA626DF2D8000ABA47A /* FoundationExt.h in Headers */,
			);
			runOnlyForDeploymentPostprocessing = 0;
		};
/* End PBXHeadersBuildPhase section */

/* Begin PBXNativeTarget section */
		1F659F9426DF2D7F00ABA47A /* FoundationExt */ = {
			isa = PBXNativeTarget;
			buildConfigurationList = 1F659FA926DF2D8000ABA47A /* Build configuration list for PBXNativeTarget "FoundationExt" */;
			buildPhases = (
				1F659F9026DF2D7F00ABA47A /* Headers */,
				1F659F9126DF2D7F00ABA47A /* Sources */,
				1F659F9226DF2D7F00ABA47A /* Frameworks */,
				1F659F9326DF2D7F00ABA47A /* Resources */,
			);
			buildRules = (
			);
			dependencies = (
			);
			name = FoundationExt;
			productName = FoundationExt;
			productReference = 1F659F9526DF2D7F00ABA47A /* FoundationExt.framework */;
			productType = "com.apple.product-type.framework";
		};
		1F659F9D26DF2D8000ABA47A /* FoundationExtTests */ = {
			isa = PBXNativeTarget;
			buildConfigurationList = 1F659FAC26DF2D8000ABA47A /* Build configuration list for PBXNativeTarget "FoundationExtTests" */;
			buildPhases = (
				1F659F9A26DF2D8000ABA47A /* Sources */,
				1F659F9B26DF2D8000ABA47A /* Frameworks */,
				1F659F9C26DF2D8000ABA47A /* Resources */,
			);
			buildRules = (
			);
			dependencies = (
				1F659FA126DF2D8000ABA47A /* PBXTargetDependency */,
			);
			name = FoundationExtTests;
			productName = FoundationExtTests;
			productReference = 1F659F9E26DF2D8000ABA47A /* FoundationExtTests.xctest */;
			productType = "com.apple.product-type.bundle.unit-test";
		};
/* End PBXNativeTarget section */

/* Begin PBXProject section */
		1F659F8C26DF2D7F00ABA47A /* Project object */ = {
			isa = PBXProject;
			attributes = {
				LastSwiftUpdateCheck = 1240;
				LastUpgradeCheck = 1240;
				TargetAttributes = {
					1F659F9426DF2D7F00ABA47A = {
						CreatedOnToolsVersion = 12.4;
						LastSwiftMigration = 1240;
					};
					1F659F9D26DF2D8000ABA47A = {
						CreatedOnToolsVersion = 12.4;
					};
				};
			};
			buildConfigurationList = 1F659F8F26DF2D7F00ABA47A /* Build configuration list for PBXProject "FoundationExt" */;
			compatibilityVersion = "Xcode 9.3";
			developmentRegion = en;
			hasScannedForEncodings = 0;
			knownRegions = (
				en,
				Base,
			);
			mainGroup = 1F659F8B26DF2D7F00ABA47A;
			productRefGroup = 1F659F9626DF2D7F00ABA47A /* Products */;
			projectDirPath = "";
			projectRoot = "";
			targets = (
				1F659F9426DF2D7F00ABA47A /* FoundationExt */,
				1F659F9D26DF2D8000ABA47A /* FoundationExtTests */,
			);
		};
/* End PBXProject section */

/* Begin PBXResourcesBuildPhase section */
		1F659F9326DF2D7F00ABA47A /* Resources */ = {
			isa = PBXResourcesBuildPhase;
			buildActionMask = 2147483647;
			files = (
			);
			runOnlyForDeploymentPostprocessing = 0;
		};
		1F659F9C26DF2D8000ABA47A /* Resources */ = {
			isa = PBXResourcesBuildPhase;
			buildActionMask = 2147483647;
			files = (
			);
			runOnlyForDeploymentPostprocessing = 0;
		};
/* End PBXResourcesBuildPhase section */

/* Begin PBXSourcesBuildPhase section */
		1F659F9126DF2D7F00ABA47A /* Sources */ = {
			isa = PBXSourcesBuildPhase;
			buildActionMask = 2147483647;
			files = (
				1F659FB726DF300C00ABA47A /* BundleExtensions.swift in Sources */,
				1F63103326EAF2C500BCF22B /* Async.swift in Sources */,
				1F659FBB26DF30F400ABA47A /* NSCharacterSetExtensions.swift in Sources */,
				1F63103726EAF85900BCF22B /* FIFOThread.swift in Sources */,
			);
			runOnlyForDeploymentPostprocessing = 0;
		};
		1F659F9A26DF2D8000ABA47A /* Sources */ = {
			isa = PBXSourcesBuildPhase;
			buildActionMask = 2147483647;
			files = (
				1F659FA426DF2D8000ABA47A /* FoundationExtTests.swift in Sources */,
				1F63103B26EAF98C00BCF22B /* FIFOThreadTests.swift in Sources */,
				1F63104526EAFF2D00BCF22B /* AsyncGroupTests.swift in Sources */,
				1F63104126EAFED500BCF22B /* AsyncTests.swift in Sources */,
			);
			runOnlyForDeploymentPostprocessing = 0;
		};
/* End PBXSourcesBuildPhase section */

/* Begin PBXTargetDependency section */
		1F659FA126DF2D8000ABA47A /* PBXTargetDependency */ = {
			isa = PBXTargetDependency;
			target = 1F659F9426DF2D7F00ABA47A /* FoundationExt */;
			targetProxy = 1F659FA026DF2D8000ABA47A /* PBXContainerItemProxy */;
		};
/* End PBXTargetDependency section */

/* Begin XCBuildConfiguration section */
		1F659FA726DF2D8000ABA47A /* Debug */ = {
			isa = XCBuildConfiguration;
			buildSettings = {
				ALWAYS_SEARCH_USER_PATHS = NO;
				CLANG_ANALYZER_NONNULL = YES;
				CLANG_ANALYZER_NUMBER_OBJECT_CONVERSION = YES_AGGRESSIVE;
				CLANG_CXX_LANGUAGE_STANDARD = "gnu++14";
				CLANG_CXX_LIBRARY = "libc++";
				CLANG_ENABLE_MODULES = YES;
				CLANG_ENABLE_OBJC_ARC = YES;
				CLANG_ENABLE_OBJC_WEAK = YES;
				CLANG_WARN_BLOCK_CAPTURE_AUTORELEASING = YES;
				CLANG_WARN_BOOL_CONVERSION = YES;
				CLANG_WARN_COMMA = YES;
				CLANG_WARN_CONSTANT_CONVERSION = YES;
				CLANG_WARN_DEPRECATED_OBJC_IMPLEMENTATIONS = YES;
				CLANG_WARN_DIRECT_OBJC_ISA_USAGE = YES_ERROR;
				CLANG_WARN_DOCUMENTATION_COMMENTS = YES;
				CLANG_WARN_EMPTY_BODY = YES;
				CLANG_WARN_ENUM_CONVERSION = YES;
				CLANG_WARN_INFINITE_RECURSION = YES;
				CLANG_WARN_INT_CONVERSION = YES;
				CLANG_WARN_NON_LITERAL_NULL_CONVERSION = YES;
				CLANG_WARN_OBJC_IMPLICIT_RETAIN_SELF = YES;
				CLANG_WARN_OBJC_LITERAL_CONVERSION = YES;
				CLANG_WARN_OBJC_ROOT_CLASS = YES_ERROR;
				CLANG_WARN_QUOTED_INCLUDE_IN_FRAMEWORK_HEADER = YES;
				CLANG_WARN_RANGE_LOOP_ANALYSIS = YES;
				CLANG_WARN_STRICT_PROTOTYPES = YES;
				CLANG_WARN_SUSPICIOUS_MOVE = YES;
				CLANG_WARN_UNGUARDED_AVAILABILITY = YES_AGGRESSIVE;
				CLANG_WARN_UNREACHABLE_CODE = YES;
				CLANG_WARN__DUPLICATE_METHOD_MATCH = YES;
				COPY_PHASE_STRIP = NO;
				CURRENT_PROJECT_VERSION = 1;
				DEBUG_INFORMATION_FORMAT = dwarf;
				ENABLE_STRICT_OBJC_MSGSEND = YES;
				ENABLE_TESTABILITY = YES;
				GCC_C_LANGUAGE_STANDARD = gnu11;
				GCC_DYNAMIC_NO_PIC = NO;
				GCC_NO_COMMON_BLOCKS = YES;
				GCC_OPTIMIZATION_LEVEL = 0;
				GCC_PREPROCESSOR_DEFINITIONS = (
					"DEBUG=1",
					"$(inherited)",
				);
				GCC_WARN_64_TO_32_BIT_CONVERSION = YES;
				GCC_WARN_ABOUT_RETURN_TYPE = YES_ERROR;
				GCC_WARN_UNDECLARED_SELECTOR = YES;
				GCC_WARN_UNINITIALIZED_AUTOS = YES_AGGRESSIVE;
				GCC_WARN_UNUSED_FUNCTION = YES;
				GCC_WARN_UNUSED_VARIABLE = YES;
				IPHONEOS_DEPLOYMENT_TARGET = 14.4;
				MTL_ENABLE_DEBUG_INFO = INCLUDE_SOURCE;
				MTL_FAST_MATH = YES;
				ONLY_ACTIVE_ARCH = YES;
				SDKROOT = iphoneos;
				SWIFT_ACTIVE_COMPILATION_CONDITIONS = DEBUG;
				SWIFT_OPTIMIZATION_LEVEL = "-Onone";
				VERSIONING_SYSTEM = "apple-generic";
				VERSION_INFO_PREFIX = "";
			};
			name = Debug;
		};
		1F659FA826DF2D8000ABA47A /* Release */ = {
			isa = XCBuildConfiguration;
			buildSettings = {
				ALWAYS_SEARCH_USER_PATHS = NO;
				CLANG_ANALYZER_NONNULL = YES;
				CLANG_ANALYZER_NUMBER_OBJECT_CONVERSION = YES_AGGRESSIVE;
				CLANG_CXX_LANGUAGE_STANDARD = "gnu++14";
				CLANG_CXX_LIBRARY = "libc++";
				CLANG_ENABLE_MODULES = YES;
				CLANG_ENABLE_OBJC_ARC = YES;
				CLANG_ENABLE_OBJC_WEAK = YES;
				CLANG_WARN_BLOCK_CAPTURE_AUTORELEASING = YES;
				CLANG_WARN_BOOL_CONVERSION = YES;
				CLANG_WARN_COMMA = YES;
				CLANG_WARN_CONSTANT_CONVERSION = YES;
				CLANG_WARN_DEPRECATED_OBJC_IMPLEMENTATIONS = YES;
				CLANG_WARN_DIRECT_OBJC_ISA_USAGE = YES_ERROR;
				CLANG_WARN_DOCUMENTATION_COMMENTS = YES;
				CLANG_WARN_EMPTY_BODY = YES;
				CLANG_WARN_ENUM_CONVERSION = YES;
				CLANG_WARN_INFINITE_RECURSION = YES;
				CLANG_WARN_INT_CONVERSION = YES;
				CLANG_WARN_NON_LITERAL_NULL_CONVERSION = YES;
				CLANG_WARN_OBJC_IMPLICIT_RETAIN_SELF = YES;
				CLANG_WARN_OBJC_LITERAL_CONVERSION = YES;
				CLANG_WARN_OBJC_ROOT_CLASS = YES_ERROR;
				CLANG_WARN_QUOTED_INCLUDE_IN_FRAMEWORK_HEADER = YES;
				CLANG_WARN_RANGE_LOOP_ANALYSIS = YES;
				CLANG_WARN_STRICT_PROTOTYPES = YES;
				CLANG_WARN_SUSPICIOUS_MOVE = YES;
				CLANG_WARN_UNGUARDED_AVAILABILITY = YES_AGGRESSIVE;
				CLANG_WARN_UNREACHABLE_CODE = YES;
				CLANG_WARN__DUPLICATE_METHOD_MATCH = YES;
				COPY_PHASE_STRIP = NO;
				CURRENT_PROJECT_VERSION = 1;
				DEBUG_INFORMATION_FORMAT = "dwarf-with-dsym";
				ENABLE_NS_ASSERTIONS = NO;
				ENABLE_STRICT_OBJC_MSGSEND = YES;
				GCC_C_LANGUAGE_STANDARD = gnu11;
				GCC_NO_COMMON_BLOCKS = YES;
				GCC_WARN_64_TO_32_BIT_CONVERSION = YES;
				GCC_WARN_ABOUT_RETURN_TYPE = YES_ERROR;
				GCC_WARN_UNDECLARED_SELECTOR = YES;
				GCC_WARN_UNINITIALIZED_AUTOS = YES_AGGRESSIVE;
				GCC_WARN_UNUSED_FUNCTION = YES;
				GCC_WARN_UNUSED_VARIABLE = YES;
				IPHONEOS_DEPLOYMENT_TARGET = 14.4;
				MTL_ENABLE_DEBUG_INFO = NO;
				MTL_FAST_MATH = YES;
				SDKROOT = iphoneos;
				SWIFT_COMPILATION_MODE = wholemodule;
				SWIFT_OPTIMIZATION_LEVEL = "-O";
				VALIDATE_PRODUCT = YES;
				VERSIONING_SYSTEM = "apple-generic";
				VERSION_INFO_PREFIX = "";
			};
			name = Release;
		};
		1F659FAA26DF2D8000ABA47A /* Debug */ = {
			isa = XCBuildConfiguration;
			buildSettings = {
				CLANG_ENABLE_MODULES = YES;
				CODE_SIGN_STYLE = Automatic;
				DEFINES_MODULE = YES;
				DEVELOPMENT_TEAM = CVWL76VY9C;
				DYLIB_COMPATIBILITY_VERSION = 1;
				DYLIB_CURRENT_VERSION = 1;
				DYLIB_INSTALL_NAME_BASE = "@rpath";
				INFOPLIST_FILE = FoundationExt/Info.plist;
				INSTALL_PATH = "$(LOCAL_LIBRARY_DIR)/Frameworks";
				LD_RUNPATH_SEARCH_PATHS = (
					"$(inherited)",
					"@executable_path/Frameworks",
					"@loader_path/Frameworks",
				);
				PRODUCT_BUNDLE_IDENTIFIER = com.skyprayer.FoundationExt;
				PRODUCT_NAME = "$(TARGET_NAME:c99extidentifier)";
				SKIP_INSTALL = YES;
				SWIFT_OPTIMIZATION_LEVEL = "-Onone";
				SWIFT_VERSION = 5.0;
				TARGETED_DEVICE_FAMILY = "1,2";
			};
			name = Debug;
		};
		1F659FAB26DF2D8000ABA47A /* Release */ = {
			isa = XCBuildConfiguration;
			buildSettings = {
				CLANG_ENABLE_MODULES = YES;
				CODE_SIGN_STYLE = Automatic;
				DEFINES_MODULE = YES;
				DEVELOPMENT_TEAM = CVWL76VY9C;
				DYLIB_COMPATIBILITY_VERSION = 1;
				DYLIB_CURRENT_VERSION = 1;
				DYLIB_INSTALL_NAME_BASE = "@rpath";
				INFOPLIST_FILE = FoundationExt/Info.plist;
				INSTALL_PATH = "$(LOCAL_LIBRARY_DIR)/Frameworks";
				LD_RUNPATH_SEARCH_PATHS = (
					"$(inherited)",
					"@executable_path/Frameworks",
					"@loader_path/Frameworks",
				);
				PRODUCT_BUNDLE_IDENTIFIER = com.skyprayer.FoundationExt;
				PRODUCT_NAME = "$(TARGET_NAME:c99extidentifier)";
				SKIP_INSTALL = YES;
				SWIFT_VERSION = 5.0;
				TARGETED_DEVICE_FAMILY = "1,2";
			};
			name = Release;
		};
		1F659FAD26DF2D8000ABA47A /* Debug */ = {
			isa = XCBuildConfiguration;
			buildSettings = {
				ALWAYS_EMBED_SWIFT_STANDARD_LIBRARIES = YES;
				CODE_SIGN_STYLE = Automatic;
				DEVELOPMENT_TEAM = CVWL76VY9C;
				INFOPLIST_FILE = FoundationExtTests/Info.plist;
				LD_RUNPATH_SEARCH_PATHS = (
					"$(inherited)",
					"@executable_path/Frameworks",
					"@loader_path/Frameworks",
				);
				PRODUCT_BUNDLE_IDENTIFIER = com.skyprayer.FoundationExtTests;
				PRODUCT_NAME = "$(TARGET_NAME)";
				SWIFT_VERSION = 5.0;
				TARGETED_DEVICE_FAMILY = "1,2";
			};
			name = Debug;
		};
		1F659FAE26DF2D8000ABA47A /* Release */ = {
			isa = XCBuildConfiguration;
			buildSettings = {
				ALWAYS_EMBED_SWIFT_STANDARD_LIBRARIES = YES;
				CODE_SIGN_STYLE = Automatic;
				DEVELOPMENT_TEAM = CVWL76VY9C;
				INFOPLIST_FILE = FoundationExtTests/Info.plist;
				LD_RUNPATH_SEARCH_PATHS = (
					"$(inherited)",
					"@executable_path/Frameworks",
					"@loader_path/Frameworks",
				);
				PRODUCT_BUNDLE_IDENTIFIER = com.skyprayer.FoundationExtTests;
				PRODUCT_NAME = "$(TARGET_NAME)";
				SWIFT_VERSION = 5.0;
				TARGETED_DEVICE_FAMILY = "1,2";
			};
			name = Release;
		};
/* End XCBuildConfiguration section */

/* Begin XCConfigurationList section */
		1F659F8F26DF2D7F00ABA47A /* Build configuration list for PBXProject "FoundationExt" */ = {
			isa = XCConfigurationList;
			buildConfigurations = (
				1F659FA726DF2D8000ABA47A /* Debug */,
				1F659FA826DF2D8000ABA47A /* Release */,
			);
			defaultConfigurationIsVisible = 0;
			defaultConfigurationName = Release;
		};
		1F659FA926DF2D8000ABA47A /* Build configuration list for PBXNativeTarget "FoundationExt" */ = {
			isa = XCConfigurationList;
			buildConfigurations = (
				1F659FAA26DF2D8000ABA47A /* Debug */,
				1F659FAB26DF2D8000ABA47A /* Release */,
			);
			defaultConfigurationIsVisible = 0;
			defaultConfigurationName = Release;
		};
		1F659FAC26DF2D8000ABA47A /* Build configuration list for PBXNativeTarget "FoundationExtTests" */ = {
			isa = XCConfigurationList;
			buildConfigurations = (
				1F659FAD26DF2D8000ABA47A /* Debug */,
				1F659FAE26DF2D8000ABA47A /* Release */,
			);
			defaultConfigurationIsVisible = 0;
			defaultConfigurationName = Release;
		};
/* End XCConfigurationList section */
	};
	rootObject = 1F659F8C26DF2D7F00ABA47A /* Project object */;
}
